
Microsoft Visual Studio Solution File, Format Version 12.00
# Visual Studio Version 17
VisualStudioVersion = 17.11.35327.3
MinimumVisualStudioVersion = 10.0.40219.1
Project("{2150E333-8FDC-42A3-9474-1A3956D46DE8}") = "src", "src", "{2E51D90F-CD7E-4608-A009-73CB52C01A66}"
EndProject
Project("{FAE04EC0-301F-11D3-BF4B-00C04F79EFBC}") = "PIMS.Domain", "PIMS.Domain\PIMS.Domain.csproj", "{F8E0BBE5-E918-447A-BCAF-DEABCEF53044}"
EndProject
Project("{FAE04EC0-301F-11D3-BF4B-00C04F79EFBC}") = "PIMS.Application", "PIMS.Application\PIMS.Application.csproj", "{4169BAA2-54F9-4071-9910-D142803AD85A}"
EndProject
Project("{FAE04EC0-301F-11D3-BF4B-00C04F79EFBC}") = "PIMS.Infrastructure", "PIMS.Infrastructure\PIMS.Infrastructure.csproj", "{39C18756-F242-44CD-9B5E-317D265A82DD}"
EndProject
Project("{FAE04EC0-301F-11D3-BF4B-00C04F79EFBC}") = "PIMS.API", "PIMS.API\PIMS.API.csproj", "{EBD2C294-796C-432E-95CF-BFB803AAC98F}"
EndProject
Project("{2150E333-8FDC-42A3-9474-1A3956D46DE8}") = "test", "test", "{F7D0C77B-5A39-456F-AED2-FC04E2675418}"
EndProject
Project("{2150E333-8FDC-42A3-9474-1A3956D46DE8}") = "docs", "docs", "{D137A96E-3861-44FF-851E-3862719E5805}"
EndProject
Global
	GlobalSection(SolutionConfigurationPlatforms) = preSolution
		Debug|Any CPU = Debug|Any CPU
		Release|Any CPU = Release|Any CPU
	EndGlobalSection
	GlobalSection(ProjectConfigurationPlatforms) = postSolution
		{F8E0BBE5-E918-447A-BCAF-DEABCEF53044}.Debug|Any CPU.ActiveCfg = Debug|Any CPU
		{F8E0BBE5-E918-447A-BCAF-DEABCEF53044}.Debug|Any CPU.Build.0 = Debug|Any CPU
		{F8E0BBE5-E918-447A-BCAF-DEABCEF53044}.Release|Any CPU.ActiveCfg = Release|Any CPU
		{F8E0BBE5-E918-447A-BCAF-DEABCEF53044}.Release|Any CPU.Build.0 = Release|Any CPU
		{4169BAA2-54F9-4071-9910-D142803AD85A}.Debug|Any CPU.ActiveCfg = Debug|Any CPU
		{4169BAA2-54F9-4071-9910-D142803AD85A}.Debug|Any CPU.Build.0 = Debug|Any CPU
		{4169BAA2-54F9-4071-9910-D142803AD85A}.Release|Any CPU.ActiveCfg = Release|Any CPU
		{4169BAA2-54F9-4071-9910-D142803AD85A}.Release|Any CPU.Build.0 = Release|Any CPU
		{39C18756-F242-44CD-9B5E-317D265A82DD}.Debug|Any CPU.ActiveCfg = Debug|Any CPU
		{39C18756-F242-44CD-9B5E-317D265A82DD}.Debug|Any CPU.Build.0 = Debug|Any CPU
		{39C18756-F242-44CD-9B5E-317D265A82DD}.Release|Any CPU.ActiveCfg = Release|Any CPU
		{39C18756-F242-44CD-9B5E-317D265A82DD}.Release|Any CPU.Build.0 = Release|Any CPU
		{EBD2C294-796C-432E-95CF-BFB803AAC98F}.Debug|Any CPU.ActiveCfg = Debug|Any CPU
		{EBD2C294-796C-432E-95CF-BFB803AAC98F}.Debug|Any CPU.Build.0 = Debug|Any CPU
		{EBD2C294-796C-432E-95CF-BFB803AAC98F}.Release|Any CPU.ActiveCfg = Release|Any CPU
		{EBD2C294-796C-432E-95CF-BFB803AAC98F}.Release|Any CPU.Build.0 = Release|Any CPU
	EndGlobalSection
	GlobalSection(SolutionProperties) = preSolution
		HideSolutionNode = FALSE
	EndGlobalSection
	GlobalSection(NestedProjects) = preSolution
		{F8E0BBE5-E918-447A-BCAF-DEABCEF53044} = {2E51D90F-CD7E-4608-A009-73CB52C01A66}
		{4169BAA2-54F9-4071-9910-D142803AD85A} = {2E51D90F-CD7E-4608-A009-73CB52C01A66}
		{39C18756-F242-44CD-9B5E-317D265A82DD} = {2E51D90F-CD7E-4608-A009-73CB52C01A66}
		{EBD2C294-796C-432E-95CF-BFB803AAC98F} = {2E51D90F-CD7E-4608-A009-73CB52C01A66}
	EndGlobalSection
	GlobalSection(ExtensibilityGlobals) = postSolution
		SolutionGuid = {2C1D12EC-2E4F-4BAA-86F4-A1FB6DF9640F}
	EndGlobalSection
EndGlobal
